
Microsoft Visual Studio Solution File, Format Version 12.00
# Visual Studio 2013
VisualStudioVersion = 12.0.30501.0
MinimumVisualStudioVersion = 10.0.40219.1
Project("{FAE04EC0-301F-11D3-BF4B-00C04F79EFBC}") = "CarServiceRecords.Models", "CarServiceRecords.Models\CarServiceRecords.Models.csproj", "{306F7B81-85BD-4AB3-BF27-E06BC6EC16E1}"
EndProject
Project("{FAE04EC0-301F-11D3-BF4B-00C04F79EFBC}") = "CarServiceRecords.Data", "CarServiceRecords.Data\CarServiceRecords.Data.csproj", "{6BC05CE9-108B-4082-ADDA-90605D72753A}"
EndProject
Project("{FAE04EC0-301F-11D3-BF4B-00C04F79EFBC}") = "CarServiceRecords.Common", "CarServiceRecords.Common\CarServiceRecords.Common.csproj", "{9EEDBD01-52FA-40B4-9FD5-A3736880AE9E}"
EndProject
Project("{2150E333-8FDC-42A3-9474-1A3956D46DE8}") = "CodeFirst", "CodeFirst", "{C4026A9C-C686-4CFE-978B-19F59204F2C7}"
EndProject
Project("{FAE04EC0-301F-11D3-BF4B-00C04F79EFBC}") = "CarServiceRecords.Application", "CarServiceRecords.Application\CarServiceRecords.Application.csproj", "{66999B63-AD2B-4CE0-9394-6E13BB23486E}"
EndProject
Global
	GlobalSection(SolutionConfigurationPlatforms) = preSolution
		Debug|Any CPU = Debug|Any CPU
		Release|Any CPU = Release|Any CPU
	EndGlobalSection
	GlobalSection(ProjectConfigurationPlatforms) = postSolution
		{306F7B81-85BD-4AB3-BF27-E06BC6EC16E1}.Debug|Any CPU.ActiveCfg = Debug|Any CPU
		{306F7B81-85BD-4AB3-BF27-E06BC6EC16E1}.Debug|Any CPU.Build.0 = Debug|Any CPU
		{306F7B81-85BD-4AB3-BF27-E06BC6EC16E1}.Release|Any CPU.ActiveCfg = Release|Any CPU
		{306F7B81-85BD-4AB3-BF27-E06BC6EC16E1}.Release|Any CPU.Build.0 = Release|Any CPU
		{6BC05CE9-108B-4082-ADDA-90605D72753A}.Debug|Any CPU.ActiveCfg = Debug|Any CPU
		{6BC05CE9-108B-4082-ADDA-90605D72753A}.Debug|Any CPU.Build.0 = Debug|Any CPU
		{6BC05CE9-108B-4082-ADDA-90605D72753A}.Release|Any CPU.ActiveCfg = Release|Any CPU
		{6BC05CE9-108B-4082-ADDA-90605D72753A}.Release|Any CPU.Build.0 = Release|Any CPU
		{9EEDBD01-52FA-40B4-9FD5-A3736880AE9E}.Debug|Any CPU.ActiveCfg = Debug|Any CPU
		{9EEDBD01-52FA-40B4-9FD5-A3736880AE9E}.Debug|Any CPU.Build.0 = Debug|Any CPU
		{9EEDBD01-52FA-40B4-9FD5-A3736880AE9E}.Release|Any CPU.ActiveCfg = Release|Any CPU
		{9EEDBD01-52FA-40B4-9FD5-A3736880AE9E}.Release|Any CPU.Build.0 = Release|Any CPU
		{66999B63-AD2B-4CE0-9394-6E13BB23486E}.Debug|Any CPU.ActiveCfg = Debug|Any CPU
		{66999B63-AD2B-4CE0-9394-6E13BB23486E}.Debug|Any CPU.Build.0 = Debug|Any CPU
		{66999B63-AD2B-4CE0-9394-6E13BB23486E}.Release|Any CPU.ActiveCfg = Release|Any CPU
		{66999B63-AD2B-4CE0-9394-6E13BB23486E}.Release|Any CPU.Build.0 = Release|Any CPU
	EndGlobalSection
	GlobalSection(SolutionProperties) = preSolution
		HideSolutionNode = FALSE
	EndGlobalSection
	GlobalSection(NestedProjects) = preSolution
		{306F7B81-85BD-4AB3-BF27-E06BC6EC16E1} = {C4026A9C-C686-4CFE-978B-19F59204F2C7}
		{6BC05CE9-108B-4082-ADDA-90605D72753A} = {C4026A9C-C686-4CFE-978B-19F59204F2C7}
		{9EEDBD01-52FA-40B4-9FD5-A3736880AE9E} = {C4026A9C-C686-4CFE-978B-19F59204F2C7}
	EndGlobalSection
EndGlobal
